// !$*UTF8*$!
{
	archiveVersion = 1;
	classes = {
	};
	objectVersion = 50;
	objects = {

/* Begin PBXBuildFile section */
		FFAB5859251A36CA008FA8B1 /* AppDelegate.swift in Sources */ = {isa = PBXBuildFile; fileRef = FFAB5858251A36CA008FA8B1 /* AppDelegate.swift */; };
		FFAB585B251A36CA008FA8B1 /* SceneDelegate.swift in Sources */ = {isa = PBXBuildFile; fileRef = FFAB585A251A36CA008FA8B1 /* SceneDelegate.swift */; };
		FFAB585D251A36CA008FA8B1 /* ViewController.swift in Sources */ = {isa = PBXBuildFile; fileRef = FFAB585C251A36CA008FA8B1 /* ViewController.swift */; };
		FFAB5860251A36CA008FA8B1 /* Main.storyboard in Resources */ = {isa = PBXBuildFile; fileRef = FFAB585E251A36CA008FA8B1 /* Main.storyboard */; };
		FFAB5862251A36CD008FA8B1 /* Assets.xcassets in Resources */ = {isa = PBXBuildFile; fileRef = FFAB5861251A36CD008FA8B1 /* Assets.xcassets */; };
		FFAB5865251A36CD008FA8B1 /* LaunchScreen.storyboard in Resources */ = {isa = PBXBuildFile; fileRef = FFAB5863251A36CD008FA8B1 /* LaunchScreen.storyboard */; };
		FFAB5870251A36CD008FA8B1 /* test03Tests.swift in Sources */ = {isa = PBXBuildFile; fileRef = FFAB586F251A36CD008FA8B1 /* test03Tests.swift */; };
		FFAB587B251A36CD008FA8B1 /* test03UITests.swift in Sources */ = {isa = PBXBuildFile; fileRef = FFAB587A251A36CD008FA8B1 /* test03UITests.swift */; };
/* End PBXBuildFile section */

/* Begin PBXContainerItemProxy section */
		FFAB586C251A36CD008FA8B1 /* PBXContainerItemProxy */ = {
			isa = PBXContainerItemProxy;
			containerPortal = FFAB584D251A36C9008FA8B1 /* Project object */;
			proxyType = 1;
			remoteGlobalIDString = FFAB5854251A36C9008FA8B1;
			remoteInfo = test03;
		};
		FFAB5877251A36CD008FA8B1 /* PBXContainerItemProxy */ = {
			isa = PBXContainerItemProxy;
			containerPortal = FFAB584D251A36C9008FA8B1 /* Project object */;
			proxyType = 1;
			remoteGlobalIDString = FFAB5854251A36C9008FA8B1;
			remoteInfo = test03;
		};
/* End PBXContainerItemProxy section */

/* Begin PBXFileReference section */
		FFAB5855251A36C9008FA8B1 /* test03.app */ = {isa = PBXFileReference; explicitFileType = wrapper.application; includeInIndex = 0; path = test03.app; sourceTree = BUILT_PRODUCTS_DIR; };
		FFAB5858251A36CA008FA8B1 /* AppDelegate.swift */ = {isa = PBXFileReference; lastKnownFileType = sourcecode.swift; path = AppDelegate.swift; sourceTree = "<group>"; };
		FFAB585A251A36CA008FA8B1 /* SceneDelegate.swift */ = {isa = PBXFileReference; lastKnownFileType = sourcecode.swift; path = SceneDelegate.swift; sourceTree = "<group>"; };
		FFAB585C251A36CA008FA8B1 /* ViewController.swift */ = {isa = PBXFileReference; lastKnownFileType = sourcecode.swift; path = ViewController.swift; sourceTree = "<group>"; };
		FFAB585F251A36CA008FA8B1 /* Base */ = {isa = PBXFileReference; lastKnownFileType = file.storyboard; name = Base; path = Base.lproj/Main.storyboard; sourceTree = "<group>"; };
		FFAB5861251A36CD008FA8B1 /* Assets.xcassets */ = {isa = PBXFileReference; lastKnownFileType = folder.assetcatalog; path = Assets.xcassets; sourceTree = "<group>"; };
		FFAB5864251A36CD008FA8B1 /* Base */ = {isa = PBXFileReference; lastKnownFileType = file.storyboard; name = Base; path = Base.lproj/LaunchScreen.storyboard; sourceTree = "<group>"; };
		FFAB5866251A36CD008FA8B1 /* Info.plist */ = {isa = PBXFileReference; lastKnownFileType = text.plist.xml; path = Info.plist; sourceTree = "<group>"; };
		FFAB586B251A36CD008FA8B1 /* test03Tests.xctest */ = {isa = PBXFileReference; explicitFileType = wrapper.cfbundle; includeInIndex = 0; path = test03Tests.xctest; sourceTree = BUILT_PRODUCTS_DIR; };
		FFAB586F251A36CD008FA8B1 /* test03Tests.swift */ = {isa = PBXFileReference; lastKnownFileType = sourcecode.swift; path = test03Tests.swift; sourceTree = "<group>"; };
		FFAB5871251A36CD008FA8B1 /* Info.plist */ = {isa = PBXFileReference; lastKnownFileType = text.plist.xml; path = Info.plist; sourceTree = "<group>"; };
		FFAB5876251A36CD008FA8B1 /* test03UITests.xctest */ = {isa = PBXFileReference; explicitFileType = wrapper.cfbundle; includeInIndex = 0; path = test03UITests.xctest; sourceTree = BUILT_PRODUCTS_DIR; };
		FFAB587A251A36CD008FA8B1 /* test03UITests.swift */ = {isa = PBXFileReference; lastKnownFileType = sourcecode.swift; path = test03UITests.swift; sourceTree = "<group>"; };
		FFAB587C251A36CD008FA8B1 /* Info.plist */ = {isa = PBXFileReference; lastKnownFileType = text.plist.xml; path = Info.plist; sourceTree = "<group>"; };
/* End PBXFileReference section */

/* Begin PBXFrameworksBuildPhase section */
		FFAB5852251A36C9008FA8B1 /* Frameworks */ = {
			isa = PBXFrameworksBuildPhase;
			buildActionMask = 2147483647;
			files = (
			);
			runOnlyForDeploymentPostprocessing = 0;
		};
		FFAB5868251A36CD008FA8B1 /* Frameworks */ = {
			isa = PBXFrameworksBuildPhase;
			buildActionMask = 2147483647;
			files = (
			);
			runOnlyForDeploymentPostprocessing = 0;
		};
		FFAB5873251A36CD008FA8B1 /* Frameworks */ = {
			isa = PBXFrameworksBuildPhase;
			buildActionMask = 2147483647;
			files = (
			);
			runOnlyForDeploymentPostprocessing = 0;
		};
/* End PBXFrameworksBuildPhase section */

/* Begin PBXGroup section */
		FFAB584C251A36C9008FA8B1 = {
			isa = PBXGroup;
			children = (
				FFAB5857251A36CA008FA8B1 /* test03 */,
				FFAB586E251A36CD008FA8B1 /* test03Tests */,
				FFAB5879251A36CD008FA8B1 /* test03UITests */,
				FFAB5856251A36C9008FA8B1 /* Products */,
			);
			sourceTree = "<group>";
		};
		FFAB5856251A36C9008FA8B1 /* Products */ = {
			isa = PBXGroup;
			children = (
				FFAB5855251A36C9008FA8B1 /* test03.app */,
				FFAB586B251A36CD008FA8B1 /* test03Tests.xctest */,
				FFAB5876251A36CD008FA8B1 /* test03UITests.xctest */,
			);
			name = Products;
			sourceTree = "<group>";
		};
		FFAB5857251A36CA008FA8B1 /* test03 */ = {
			isa = PBXGroup;
			children = (
				FFAB5858251A36CA008FA8B1 /* AppDelegate.swift */,
				FFAB585A251A36CA008FA8B1 /* SceneDelegate.swift */,
				FFAB585C251A36CA008FA8B1 /* ViewController.swift */,
				FFAB585E251A36CA008FA8B1 /* Main.storyboard */,
				FFAB5861251A36CD008FA8B1 /* Assets.xcassets */,
				FFAB5863251A36CD008FA8B1 /* LaunchScreen.storyboard */,
				FFAB5866251A36CD008FA8B1 /* Info.plist */,
			);
			path = test03;
			sourceTree = "<group>";
		};
		FFAB586E251A36CD008FA8B1 /* test03Tests */ = {
			isa = PBXGroup;
			children = (
				FFAB586F251A36CD008FA8B1 /* test03Tests.swift */,
				FFAB5871251A36CD008FA8B1 /* Info.plist */,
			);
			path = test03Tests;
			sourceTree = "<group>";
		};
		FFAB5879251A36CD008FA8B1 /* test03UITests */ = {
			isa = PBXGroup;
			children = (
				FFAB587A251A36CD008FA8B1 /* test03UITests.swift */,
				FFAB587C251A36CD008FA8B1 /* Info.plist */,
			);
			path = test03UITests;
			sourceTree = "<group>";
		};
/* End PBXGroup section */

/* Begin PBXNativeTarget section */
		FFAB5854251A36C9008FA8B1 /* test03 */ = {
			isa = PBXNativeTarget;
			buildConfigurationList = FFAB587F251A36CD008FA8B1 /* Build configuration list for PBXNativeTarget "test03" */;
			buildPhases = (
				FFAB5851251A36C9008FA8B1 /* Sources */,
				FFAB5852251A36C9008FA8B1 /* Frameworks */,
				FFAB5853251A36C9008FA8B1 /* Resources */,
			);
			buildRules = (
			);
			dependencies = (
			);
			name = test03;
			productName = test03;
			productReference = FFAB5855251A36C9008FA8B1 /* test03.app */;
			productType = "com.apple.product-type.application";
		};
		FFAB586A251A36CD008FA8B1 /* test03Tests */ = {
			isa = PBXNativeTarget;
			buildConfigurationList = FFAB5882251A36CD008FA8B1 /* Build configuration list for PBXNativeTarget "test03Tests" */;
			buildPhases = (
				FFAB5867251A36CD008FA8B1 /* Sources */,
				FFAB5868251A36CD008FA8B1 /* Frameworks */,
				FFAB5869251A36CD008FA8B1 /* Resources */,
			);
			buildRules = (
			);
			dependencies = (
				FFAB586D251A36CD008FA8B1 /* PBXTargetDependency */,
			);
			name = test03Tests;
			productName = test03Tests;
			productReference = FFAB586B251A36CD008FA8B1 /* test03Tests.xctest */;
			productType = "com.apple.product-type.bundle.unit-test";
		};
		FFAB5875251A36CD008FA8B1 /* test03UITests */ = {
			isa = PBXNativeTarget;
			buildConfigurationList = FFAB5885251A36CD008FA8B1 /* Build configuration list for PBXNativeTarget "test03UITests" */;
			buildPhases = (
				FFAB5872251A36CD008FA8B1 /* Sources */,
				FFAB5873251A36CD008FA8B1 /* Frameworks */,
				FFAB5874251A36CD008FA8B1 /* Resources */,
			);
			buildRules = (
			);
			dependencies = (
				FFAB5878251A36CD008FA8B1 /* PBXTargetDependency */,
			);
			name = test03UITests;
			productName = test03UITests;
			productReference = FFAB5876251A36CD008FA8B1 /* test03UITests.xctest */;
			productType = "com.apple.product-type.bundle.ui-testing";
		};
/* End PBXNativeTarget section */

/* Begin PBXProject section */
		FFAB584D251A36C9008FA8B1 /* Project object */ = {
			isa = PBXProject;
			attributes = {
				LastSwiftUpdateCheck = 1200;
				LastUpgradeCheck = 1200;
				TargetAttributes = {
					FFAB5854251A36C9008FA8B1 = {
						CreatedOnToolsVersion = 12.0;
					};
					FFAB586A251A36CD008FA8B1 = {
						CreatedOnToolsVersion = 12.0;
						TestTargetID = FFAB5854251A36C9008FA8B1;
					};
					FFAB5875251A36CD008FA8B1 = {
						CreatedOnToolsVersion = 12.0;
						TestTargetID = FFAB5854251A36C9008FA8B1;
					};
				};
			};
			buildConfigurationList = FFAB5850251A36C9008FA8B1 /* Build configuration list for PBXProject "test03" */;
			compatibilityVersion = "Xcode 9.3";
			developmentRegion = en;
			hasScannedForEncodings = 0;
			knownRegions = (
				en,
				Base,
			);
			mainGroup = FFAB584C251A36C9008FA8B1;
			productRefGroup = FFAB5856251A36C9008FA8B1 /* Products */;
			projectDirPath = "";
			projectRoot = "";
			targets = (
				FFAB5854251A36C9008FA8B1 /* test03 */,
				FFAB586A251A36CD008FA8B1 /* test03Tests */,
				FFAB5875251A36CD008FA8B1 /* test03UITests */,
			);
		};
/* End PBXProject section */

/* Begin PBXResourcesBuildPhase section */
		FFAB5853251A36C9008FA8B1 /* Resources */ = {
			isa = PBXResourcesBuildPhase;
			buildActionMask = 2147483647;
			files = (
				FFAB5865251A36CD008FA8B1 /* LaunchScreen.storyboard in Resources */,
				FFAB5862251A36CD008FA8B1 /* Assets.xcassets in Resources */,
				FFAB5860251A36CA008FA8B1 /* Main.storyboard in Resources */,
			);
			runOnlyForDeploymentPostprocessing = 0;
		};
		FFAB5869251A36CD008FA8B1 /* Resources */ = {
			isa = PBXResourcesBuildPhase;
			buildActionMask = 2147483647;
			files = (
			);
			runOnlyForDeploymentPostprocessing = 0;
		};
		FFAB5874251A36CD008FA8B1 /* Resources */ = {
			isa = PBXResourcesBuildPhase;
			buildActionMask = 2147483647;
			files = (
			);
			runOnlyForDeploymentPostprocessing = 0;
		};
/* End PBXResourcesBuildPhase section */

/* Begin PBXSourcesBuildPhase section */
		FFAB5851251A36C9008FA8B1 /* Sources */ = {
			isa = PBXSourcesBuildPhase;
			buildActionMask = 2147483647;
			files = (
				FFAB585D251A36CA008FA8B1 /* ViewController.swift in Sources */,
				FFAB5859251A36CA008FA8B1 /* AppDelegate.swift in Sources */,
				FFAB585B251A36CA008FA8B1 /* SceneDelegate.swift in Sources */,
			);
			runOnlyForDeploymentPostprocessing = 0;
		};
		FFAB5867251A36CD008FA8B1 /* Sources */ = {
			isa = PBXSourcesBuildPhase;
			buildActionMask = 2147483647;
			files = (
				FFAB5870251A36CD008FA8B1 /* test03Tests.swift in Sources */,
			);
			runOnlyForDeploymentPostprocessing = 0;
		};
		FFAB5872251A36CD008FA8B1 /* Sources */ = {
			isa = PBXSourcesBuildPhase;
			buildActionMask = 2147483647;
			files = (
				FFAB587B251A36CD008FA8B1 /* test03UITests.swift in Sources */,
			);
			runOnlyForDeploymentPostprocessing = 0;
		};
/* End PBXSourcesBuildPhase section */

/* Begin PBXTargetDependency section */
		FFAB586D251A36CD008FA8B1 /* PBXTargetDependency */ = {
			isa = PBXTargetDependency;
			target = FFAB5854251A36C9008FA8B1 /* test03 */;
			targetProxy = FFAB586C251A36CD008FA8B1 /* PBXContainerItemProxy */;
		};
		FFAB5878251A36CD008FA8B1 /* PBXTargetDependency */ = {
			isa = PBXTargetDependency;
			target = FFAB5854251A36C9008FA8B1 /* test03 */;
			targetProxy = FFAB5877251A36CD008FA8B1 /* PBXContainerItemProxy */;
		};
/* End PBXTargetDependency section */

/* Begin PBXVariantGroup section */
		FFAB585E251A36CA008FA8B1 /* Main.storyboard */ = {
			isa = PBXVariantGroup;
			children = (
				FFAB585F251A36CA008FA8B1 /* Base */,
			);
			name = Main.storyboard;
			sourceTree = "<group>";
		};
		FFAB5863251A36CD008FA8B1 /* LaunchScreen.storyboard */ = {
			isa = PBXVariantGroup;
			children = (
				FFAB5864251A36CD008FA8B1 /* Base */,
			);
			name = LaunchScreen.storyboard;
			sourceTree = "<group>";
		};
/* End PBXVariantGroup section */

/* Begin XCBuildConfiguration section */
		FFAB587D251A36CD008FA8B1 /* Debug */ = {
			isa = XCBuildConfiguration;
			buildSettings = {
				ALWAYS_SEARCH_USER_PATHS = NO;
				CLANG_ANALYZER_NONNULL = YES;
				CLANG_ANALYZER_NUMBER_OBJECT_CONVERSION = YES_AGGRESSIVE;
				CLANG_CXX_LANGUAGE_STANDARD = "gnu++14";
				CLANG_CXX_LIBRARY = "libc++";
				CLANG_ENABLE_MODULES = YES;
				CLANG_ENABLE_OBJC_ARC = YES;
				CLANG_ENABLE_OBJC_WEAK = YES;
				CLANG_WARN_BLOCK_CAPTURE_AUTORELEASING = YES;
				CLANG_WARN_BOOL_CONVERSION = YES;
				CLANG_WARN_COMMA = YES;
				CLANG_WARN_CONSTANT_CONVERSION = YES;
				CLANG_WARN_DEPRECATED_OBJC_IMPLEMENTATIONS = YES;
				CLANG_WARN_DIRECT_OBJC_ISA_USAGE = YES_ERROR;
				CLANG_WARN_DOCUMENTATION_COMMENTS = YES;
				CLANG_WARN_EMPTY_BODY = YES;
				CLANG_WARN_ENUM_CONVERSION = YES;
				CLANG_WARN_INFINITE_RECURSION = YES;
				CLANG_WARN_INT_CONVERSION = YES;
				CLANG_WARN_NON_LITERAL_NULL_CONVERSION = YES;
				CLANG_WARN_OBJC_IMPLICIT_RETAIN_SELF = YES;
				CLANG_WARN_OBJC_LITERAL_CONVERSION = YES;
				CLANG_WARN_OBJC_ROOT_CLASS = YES_ERROR;
				CLANG_WARN_QUOTED_INCLUDE_IN_FRAMEWORK_HEADER = YES;
				CLANG_WARN_RANGE_LOOP_ANALYSIS = YES;
				CLANG_WARN_STRICT_PROTOTYPES = YES;
				CLANG_WARN_SUSPICIOUS_MOVE = YES;
				CLANG_WARN_UNGUARDED_AVAILABILITY = YES_AGGRESSIVE;
				CLANG_WARN_UNREACHABLE_CODE = YES;
				CLANG_WARN__DUPLICATE_METHOD_MATCH = YES;
				COPY_PHASE_STRIP = NO;
				DEBUG_INFORMATION_FORMAT = dwarf;
				ENABLE_STRICT_OBJC_MSGSEND = YES;
				ENABLE_TESTABILITY = YES;
				GCC_C_LANGUAGE_STANDARD = gnu11;
				GCC_DYNAMIC_NO_PIC = NO;
				GCC_NO_COMMON_BLOCKS = YES;
				GCC_OPTIMIZATION_LEVEL = 0;
				GCC_PREPROCESSOR_DEFINITIONS = (
					"DEBUG=1",
					"$(inherited)",
				);
				GCC_WARN_64_TO_32_BIT_CONVERSION = YES;
				GCC_WARN_ABOUT_RETURN_TYPE = YES_ERROR;
				GCC_WARN_UNDECLARED_SELECTOR = YES;
				GCC_WARN_UNINITIALIZED_AUTOS = YES_AGGRESSIVE;
				GCC_WARN_UNUSED_FUNCTION = YES;
				GCC_WARN_UNUSED_VARIABLE = YES;
				IPHONEOS_DEPLOYMENT_TARGET = 14.0;
				MTL_ENABLE_DEBUG_INFO = INCLUDE_SOURCE;
				MTL_FAST_MATH = YES;
				ONLY_ACTIVE_ARCH = YES;
				SDKROOT = iphoneos;
				SWIFT_ACTIVE_COMPILATION_CONDITIONS = DEBUG;
				SWIFT_OPTIMIZATION_LEVEL = "-Onone";
			};
			name = Debug;
		};
		FFAB587E251A36CD008FA8B1 /* Release */ = {
			isa = XCBuildConfiguration;
			buildSettings = {
				ALWAYS_SEARCH_USER_PATHS = NO;
				CLANG_ANALYZER_NONNULL = YES;
				CLANG_ANALYZER_NUMBER_OBJECT_CONVERSION = YES_AGGRESSIVE;
				CLANG_CXX_LANGUAGE_STANDARD = "gnu++14";
				CLANG_CXX_LIBRARY = "libc++";
				CLANG_ENABLE_MODULES = YES;
				CLANG_ENABLE_OBJC_ARC = YES;
				CLANG_ENABLE_OBJC_WEAK = YES;
				CLANG_WARN_BLOCK_CAPTURE_AUTORELEASING = YES;
				CLANG_WARN_BOOL_CONVERSION = YES;
				CLANG_WARN_COMMA = YES;
				CLANG_WARN_CONSTANT_CONVERSION = YES;
				CLANG_WARN_DEPRECATED_OBJC_IMPLEMENTATIONS = YES;
				CLANG_WARN_DIRECT_OBJC_ISA_USAGE = YES_ERROR;
				CLANG_WARN_DOCUMENTATION_COMMENTS = YES;
				CLANG_WARN_EMPTY_BODY = YES;
				CLANG_WARN_ENUM_CONVERSION = YES;
				CLANG_WARN_INFINITE_RECURSION = YES;
				CLANG_WARN_INT_CONVERSION = YES;
				CLANG_WARN_NON_LITERAL_NULL_CONVERSION = YES;
				CLANG_WARN_OBJC_IMPLICIT_RETAIN_SELF = YES;
				CLANG_WARN_OBJC_LITERAL_CONVERSION = YES;
				CLANG_WARN_OBJC_ROOT_CLASS = YES_ERROR;
				CLANG_WARN_QUOTED_INCLUDE_IN_FRAMEWORK_HEADER = YES;
				CLANG_WARN_RANGE_LOOP_ANALYSIS = YES;
				CLANG_WARN_STRICT_PROTOTYPES = YES;
				CLANG_WARN_SUSPICIOUS_MOVE = YES;
				CLANG_WARN_UNGUARDED_AVAILABILITY = YES_AGGRESSIVE;
				CLANG_WARN_UNREACHABLE_CODE = YES;
				CLANG_WARN__DUPLICATE_METHOD_MATCH = YES;
				COPY_PHASE_STRIP = NO;
				DEBUG_INFORMATION_FORMAT = "dwarf-with-dsym";
				ENABLE_NS_ASSERTIONS = NO;
				ENABLE_STRICT_OBJC_MSGSEND = YES;
				GCC_C_LANGUAGE_STANDARD = gnu11;
				GCC_NO_COMMON_BLOCKS = YES;
				GCC_WARN_64_TO_32_BIT_CONVERSION = YES;
				GCC_WARN_ABOUT_RETURN_TYPE = YES_ERROR;
				GCC_WARN_UNDECLARED_SELECTOR = YES;
				GCC_WARN_UNINITIALIZED_AUTOS = YES_AGGRESSIVE;
				GCC_WARN_UNUSED_FUNCTION = YES;
				GCC_WARN_UNUSED_VARIABLE = YES;
				IPHONEOS_DEPLOYMENT_TARGET = 14.0;
				MTL_ENABLE_DEBUG_INFO = NO;
				MTL_FAST_MATH = YES;
				SDKROOT = iphoneos;
				SWIFT_COMPILATION_MODE = wholemodule;
				SWIFT_OPTIMIZATION_LEVEL = "-O";
				VALIDATE_PRODUCT = YES;
			};
			name = Release;
		};
		FFAB5880251A36CD008FA8B1 /* Debug */ = {
			isa = XCBuildConfiguration;
			buildSettings = {
				ASSETCATALOG_COMPILER_APPICON_NAME = AppIcon;
				ASSETCATALOG_COMPILER_GLOBAL_ACCENT_COLOR_NAME = AccentColor;
				CODE_SIGN_STYLE = Automatic;
				DEVELOPMENT_TEAM = GV2V5NXP44;
				INFOPLIST_FILE = test03/Info.plist;
				LD_RUNPATH_SEARCH_PATHS = (
					"$(inherited)",
					"@executable_path/Frameworks",
				);
				PRODUCT_BUNDLE_IDENTIFIER = edu.abc.cn.test03;
				PRODUCT_NAME = "$(TARGET_NAME)";
				SWIFT_VERSION = 5.0;
				TARGETED_DEVICE_FAMILY = "1,2";
			};
			name = Debug;
		};
		FFAB5881251A36CD008FA8B1 /* Release */ = {
			isa = XCBuildConfiguration;
			buildSettings = {
				ASSETCATALOG_COMPILER_APPICON_NAME = AppIcon;
				ASSETCATALOG_COMPILER_GLOBAL_ACCENT_COLOR_NAME = AccentColor;
				CODE_SIGN_STYLE = Automatic;
				DEVELOPMENT_TEAM = GV2V5NXP44;
				INFOPLIST_FILE = test03/Info.plist;
				LD_RUNPATH_SEARCH_PATHS = (
					"$(inherited)",
					"@executable_path/Frameworks",
				);
				PRODUCT_BUNDLE_IDENTIFIER = edu.abc.cn.test03;
				PRODUCT_NAME = "$(TARGET_NAME)";
				SWIFT_VERSION = 5.0;
				TARGETED_DEVICE_FAMILY = "1,2";
			};
			name = Release;
		};
		FFAB5883251A36CD008FA8B1 /* Debug */ = {
			isa = XCBuildConfiguration;
			buildSettings = {
				ALWAYS_EMBED_SWIFT_STANDARD_LIBRARIES = YES;
				BUNDLE_LOADER = "$(TEST_HOST)";
				CODE_SIGN_STYLE = Automatic;
				DEVELOPMENT_TEAM = GV2V5NXP44;
				INFOPLIST_FILE = test03Tests/Info.plist;
				IPHONEOS_DEPLOYMENT_TARGET = 14.0;
				LD_RUNPATH_SEARCH_PATHS = (
					"$(inherited)",
					"@executable_path/Frameworks",
					"@loader_path/Frameworks",
				);
				PRODUCT_BUNDLE_IDENTIFIER = edu.abc.cn.test03Tests;
				PRODUCT_NAME = "$(TARGET_NAME)";
				SWIFT_VERSION = 5.0;
				TARGETED_DEVICE_FAMILY = "1,2";
				TEST_HOST = "$(BUILT_PRODUCTS_DIR)/test03.app/test03";
			};
			name = Debug;
		};
		FFAB5884251A36CD008FA8B1 /* Release */ = {
			isa = XCBuildConfiguration;
			buildSettings = {
				ALWAYS_EMBED_SWIFT_STANDARD_LIBRARIES = YES;
				BUNDLE_LOADER = "$(TEST_HOST)";
				CODE_SIGN_STYLE = Automatic;
				DEVELOPMENT_TEAM = GV2V5NXP44;
				INFOPLIST_FILE = test03Tests/Info.plist;
				IPHONEOS_DEPLOYMENT_TARGET = 14.0;
				LD_RUNPATH_SEARCH_PATHS = (
					"$(inherited)",
					"@executable_path/Frameworks",
					"@loader_path/Frameworks",
				);
				PRODUCT_BUNDLE_IDENTIFIER = edu.abc.cn.test03Tests;
				PRODUCT_NAME = "$(TARGET_NAME)";
				SWIFT_VERSION = 5.0;
				TARGETED_DEVICE_FAMILY = "1,2";
				TEST_HOST = "$(BUILT_PRODUCTS_DIR)/test03.app/test03";
			};
			name = Release;
		};
		FFAB5886251A36CD008FA8B1 /* Debug */ = {
			isa = XCBuildConfiguration;
			buildSettings = {
				ALWAYS_EMBED_SWIFT_STANDARD_LIBRARIES = YES;
				CODE_SIGN_STYLE = Automatic;
				DEVELOPMENT_TEAM = GV2V5NXP44;
				INFOPLIST_FILE = test03UITests/Info.plist;
				LD_RUNPATH_SEARCH_PATHS = (
					"$(inherited)",
					"@executable_path/Frameworks",
					"@loader_path/Frameworks",
				);
				PRODUCT_BUNDLE_IDENTIFIER = edu.abc.cn.test03UITests;
				PRODUCT_NAME = "$(TARGET_NAME)";
				SWIFT_VERSION = 5.0;
				TARGETED_DEVICE_FAMILY = "1,2";
				TEST_TARGET_NAME = test03;
			};
			name = Debug;
		};
		FFAB5887251A36CD008FA8B1 /* Release */ = {
			isa = XCBuildConfiguration;
			buildSettings = {
				ALWAYS_EMBED_SWIFT_STANDARD_LIBRARIES = YES;
				CODE_SIGN_STYLE = Automatic;
				DEVELOPMENT_TEAM = GV2V5NXP44;
				INFOPLIST_FILE = test03UITests/Info.plist;
				LD_RUNPATH_SEARCH_PATHS = (
					"$(inherited)",
					"@executable_path/Frameworks",
					"@loader_path/Frameworks",
				);
				PRODUCT_BUNDLE_IDENTIFIER = edu.abc.cn.test03UITests;
				PRODUCT_NAME = "$(TARGET_NAME)";
				SWIFT_VERSION = 5.0;
				TARGETED_DEVICE_FAMILY = "1,2";
				TEST_TARGET_NAME = test03;
			};
			name = Release;
		};
/* End XCBuildConfiguration section */

/* Begin XCConfigurationList section */
		FFAB5850251A36C9008FA8B1 /* Build configuration list for PBXProject "test03" */ = {
			isa = XCConfigurationList;
			buildConfigurations = (
				FFAB587D251A36CD008FA8B1 /* Debug */,
				FFAB587E251A36CD008FA8B1 /* Release */,
			);
			defaultConfigurationIsVisible = 0;
			defaultConfigurationName = Release;
		};
		FFAB587F251A36CD008FA8B1 /* Build configuration list for PBXNativeTarget "test03" */ = {
			isa = XCConfigurationList;
			buildConfigurations = (
				FFAB5880251A36CD008FA8B1 /* Debug */,
				FFAB5881251A36CD008FA8B1 /* Release */,
			);
			defaultConfigurationIsVisible = 0;
			defaultConfigurationName = Release;
		};
		FFAB5882251A36CD008FA8B1 /* Build configuration list for PBXNativeTarget "test03Tests" */ = {
			isa = XCConfigurationList;
			buildConfigurations = (
				FFAB5883251A36CD008FA8B1 /* Debug */,
				FFAB5884251A36CD008FA8B1 /* Release */,
			);
			defaultConfigurationIsVisible = 0;
			defaultConfigurationName = Release;
		};
		FFAB5885251A36CD008FA8B1 /* Build configuration list for PBXNativeTarget "test03UITests" */ = {
			isa = XCConfigurationList;
			buildConfigurations = (
				FFAB5886251A36CD008FA8B1 /* Debug */,
				FFAB5887251A36CD008FA8B1 /* Release */,
			);
			defaultConfigurationIsVisible = 0;
			defaultConfigurationName = Release;
		};
/* End XCConfigurationList section */
	};
	rootObject = FFAB584D251A36C9008FA8B1 /* Project object */;
}
